
Microsoft Visual Studio Solution File, Format Version 12.00
# Visual Studio Version 16
VisualStudioVersion = 16.0.30523.141
MinimumVisualStudioVersion = 10.0.40219.1
Project("{FAE04EC0-301F-11D3-BF4B-00C04F79EFBC}") = "Proiect_Robert", "Proiect_Robert\Proiect_Robert.csproj", "{527EAC3D-6B48-48C9-AFE8-E1CCDD6BEAA6}"
EndProject
Global
	GlobalSection(SolutionConfigurationPlatforms) = preSolution
		Debug|Any CPU = Debug|Any CPU
		Release|Any CPU = Release|Any CPU
	EndGlobalSection
	GlobalSection(ProjectConfigurationPlatforms) = postSolution
		{527EAC3D-6B48-48C9-AFE8-E1CCDD6BEAA6}.Debug|Any CPU.ActiveCfg = Debug|Any CPU
		{527EAC3D-6B48-48C9-AFE8-E1CCDD6BEAA6}.Debug|Any CPU.Build.0 = Debug|Any CPU
		{527EAC3D-6B48-48C9-AFE8-E1CCDD6BEAA6}.Release|Any CPU.ActiveCfg = Release|Any CPU
		{527EAC3D-6B48-48C9-AFE8-E1CCDD6BEAA6}.Release|Any CPU.Build.0 = Release|Any CPU
	EndGlobalSection
	GlobalSection(SolutionProperties) = preSolution
		HideSolutionNode = FALSE
	EndGlobalSection
	GlobalSection(ExtensibilityGlobals) = postSolution
		SolutionGuid = {BB64D2CC-9DC8-484F-85A3-B52A06891BD9}
	EndGlobalSection
EndGlobal
